version = 1
revision = 3
requires-python = ">=3.10"

[[package]]
name = "egglog-ir-codegen"
version = "0.0.0"
source = { virtual = "." }
dependencies = [
    { name = "protobuf-py" },
    { name = "protovalidate" },
]

[package.dev-dependencies]
dev = [
    { name = "protoc-gen-py" },
]

[package.metadata]
requires-dist = [
    { name = "protobuf-py", specifier = ">=0.5.0" },
    { name = "protovalidate", specifier = ">=2.0.0" },
]

[package.metadata.requires-dev]
dev = [{ name = "protoc-gen-py", specifier = ">=0.5.0" }]

[[package]]
name = "protobuf-py"
version = "0.5.0"
source = { registry = "https://pypi.org/simple" }
dependencies = [
    { name = "protobuf-py-ext", marker = "(platform_machine == 'arm64' and platform_python_implementation == 'CPython' and sys_platform == 'darwin') or (platform_machine == 'aarch64' and platform_python_implementation == 'CPython' and sys_platform == 'linux') or (platform_machine == 'x86_64' and platform_python_implementation == 'CPython' and sys_platform == 'linux') or (platform_machine == 'AMD64' and platform_python_implementation == 'CPython' and sys_platform == 'win32') or (platform_machine == 'ARM64' and platform_python_implementation == 'CPython' and sys_platform == 'win32')" },
    { name = "typing-extensions" },
]
sdist = { url = "https://files.pythonhosted.org/packages/e0/df/744b304857f9727dad5938e37c88b834c7874581df4bdd36546e0718c5ba/protobuf_py-0.5.0.tar.gz", hash = "sha256:a7be567fbcade37f7ead5c7ebdcda7d5d833afb0e68a569a7a80837f2f5defc1", size = 160914, upload-time = "2026-09-15T06:53:37.924Z" }
wheels = [
    { url = "https://files.pythonhosted.org/packages/c9/4d/f574b8fece5fbce107bdaa2d4f81743e810275d584fda83456475ce3a836/protobuf_py-0.5.0-py3-none-any.whl", hash = "sha256:1582e21c920a9c6932d5b9398aa55635315ecf7e05ab6eb09dcd3f9aba8ff7ac", size = 214220, upload-time = "2026-09-15T06:52:52.734Z" },
]

[[package]]
name = "protobuf-py-ext"
version = "0.5.0"
source = { registry = "https://pypi.org/simple" }
sdist = { url = "https://files.pythonhosted.org/packages/94/00/e5742687f394e55b96a8f69ae6c3ef1ea518bdb85970660ef582cc8da89d/protobuf_py_ext-0.5.0.tar.gz", hash = "sha256:99c3e47e145e6ccc758ac473b967240e4cd5d4ddbb12352da2fea44bb09b75a6", size = 57832, upload-time = "2026-09-15T06:53:38.88Z" }
wheels = [
    { url = "https://files.pythonhosted.org/packages/1f/c9/0f563b73a9cb9ccbc0d7acc6d4fae9483b03f41c561938b38535654aaafa/protobuf_py_ext-0.5.0-cp310-cp310-macosx_11_0_arm64.whl", hash = "sha256:6b55c8a6eb29126f27b41ad55a155ab1415fefab52a58f275fde5bc28f72faab", size = 477060, upload-time = "2026-09-15T06:52:54.425Z" },
    { url = "https://files.pythonhosted.org/packages/f8/8e/62e63c3ed8a80cb571c94928909a393ca4b75a447e8f7ab19bb01a853119/protobuf_py_ext-0.5.0-cp310-cp310-manylinux_2_17_aarch64.manylinux2014_aarch64.whl", hash = "sha256:03fb237f18e460aed840d34c06d7ce8e8c2041d2a6fc86b265cb590ccf6f7f9c", size = 485256, upload-time = "2026-09-15T06:52:56.005Z" },
    { url = "https://files.pythonhosted.org/packages/d5/5a/52c3c7919ac6158d00aa3d6d4d45ebbe2189bdbb345313ebef0f836237a8/protobuf_py_ext-0.5.0-cp310-cp310-manylinux_2_17_x86_64.manylinux2014_x86_64.whl", hash = "sha256:6f3082739cb388a62a5d2dfd60f58f1519d81ec8495686b6bc824117525ce8a3", size = 504943, upload-time = "2026-09-15T06:52:57.205Z" },
    { url = "https://files.pythonhosted.org/packages/97/89/fa3a9ef9bcd8ec068deae473b49847afd2d335e69c50e208c18fc67fb8ac/protobuf_py_ext-0.5.0-cp310-cp310-musllinux_1_2_aarch64.whl", hash = "sha256:1d916cb4ede997a9557e7637da0ffaf4ae3d49fd4c0e57ab53a82af1a6bb9b94", size = 663602, upload-time = "2026-09-15T06:52:58.475Z" },
    { url = "https://files.pythonhosted.org/packages/e4/8b/b318dc57de9f3917d4781b3682c3d0acac61d0cea0e3ab5226465986586e/protobuf_py_ext-0.5.0-cp310-cp310-musllinux_1_2_x86_64.whl", hash = "sha256:7cfb1d1efaaff67b19da7444928061c68eb59b954427551f4689a5f8148c6b9d", size = 718050, upload-time = "2026-09-15T06:52:59.931Z" },
    { url = "https://files.pythonhosted.org/packages/4e/a5/08ee1549f93e2a15d43af841181d9b9f54049a6d799f0647019ecbd18f73/protobuf_py_ext-0.5.0-cp311-abi3-macosx_11_0_arm64.whl", hash = "sha256:c263aa5594a5be05749d2fc8398685ff97435cbe0ea98076cc1dc114c69d6994", size = 469453, upload-time = "2026-09-15T06:53:01.222Z" },
    { url = "https://files.pythonhosted.org/packages/c2/de/37275a9c1abf9470760ac12db908065b1e3c1eae5b16ac0f32cd5c0dce78/protobuf_py_ext-0.5.0-cp311-abi3-manylinux_2_17_aarch64.manylinux2014_aarch64.whl", hash = "sha256:65801a66e68bd00b5ab48cfd277ebc5ff974381e0e9e1812f7c77efbcacad1a9", size = 478158, upload-time = "2026-09-15T06:53:02.601Z" },
    { url = "https://files.pythonhosted.org/packages/21/9a/acbe04fdd223de6364a6e6252a316358a74f5f4c8e0ca13b145e15b3ac88/protobuf_py_ext-0.5.0-cp311-abi3-manylinux_2_17_x86_64.manylinux2014_x86_64.whl", hash = "sha256:4f0b868704714af24981b68095774edd42930490a2e09678a9e1d88b892a1100", size = 503450, upload-time = "2026-09-15T06:53:03.81Z" },
    { url = "https://files.pythonhosted.org/packages/0b/42/f4ee62c87fb0488bd1bcc88452665201bf2ae3d2491618dce14755fc152f/protobuf_py_ext-0.5.0-cp311-abi3-musllinux_1_2_aarch64.whl", hash = "sha256:2fe9c58940372c24d31d51d446dde4cfb7f7d9ad36ce4c07f59d44373126145f", size = 657275, upload-time = "2026-09-15T06:53:05.041Z" },
    { url = "https://files.pythonhosted.org/packages/79/db/79e3a0c975457cff14ca2579c60209946fe625b649e876fe285ca2754d9b/protobuf_py_ext-0.5.0-cp311-abi3-musllinux_1_2_x86_64.whl", hash = "sha256:22143055e96570a08b5920c3637640450fbecadaeda416af4b3836937616ecf1", size = 716043, upload-time = "2026-09-15T06:53:06.36Z" },
    { url = "https://files.pythonhosted.org/packages/5f/3b/d2bc8047f643db12f04b2e680a7f9dc5433e96e3b07840148e8eebfc5a66/protobuf_py_ext-0.5.0-cp311-abi3-win_amd64.whl", hash = "sha256:b59e4daffcbfc0499a91779a546907a509c7058fdf9784d16e727a1dde729938", size = 440050, upload-time = "2026-09-15T06:53:07.706Z" },
    { url = "https://files.pythonhosted.org/packages/0d/0f/e49bd745cdc5f8b2d171817d87035d64be0b75326db7c0c1e644778fa882/protobuf_py_ext-0.5.0-cp311-abi3-win_arm64.whl", hash = "sha256:8e1077f106a60cac056cc7591ca8ba70dcb34e65139a992bfa76bc2c5f85ed50", size = 419729, upload-time = "2026-09-15T06:53:08.918Z" },
    { url = "https://files.pythonhosted.org/packages/a2/49/5a0ea1bb76d5d7be41ccdfc58422e4cd172d856646dd8903cd6034791e48/protobuf_py_ext-0.5.0-cp312-cp312-macosx_11_0_arm64.whl", hash = "sha256:c7c584e99362c3004ac4f584108bc38cdfb8ee08da84fd57c8eff9abbe8eb0bd", size = 471070, upload-time = "2026-09-15T06:53:10.059Z" },
    { url = "https://files.pythonhosted.org/packages/e1/c8/2f656bcab07519d7d03901aaea8a572ca0decdbdc0aea44a88c4496f0b9e/protobuf_py_ext-0.5.0-cp312-cp312-manylinux_2_17_aarch64.manylinux2014_aarch64.whl", hash = "sha256:e39a4b9289de2f73d67a1be2c3f750f98186ed66b9a844f2a47ad4122c2e6f6a", size = 478317, upload-time = "2026-09-15T06:53:11.434Z" },
    { url = "https://files.pythonhosted.org/packages/05/8a/b137405f95761606d384d35dac2c9a1b8fccc0aba4a3588472d8bf434a82/protobuf_py_ext-0.5.0-cp312-cp312-manylinux_2_17_x86_64.manylinux2014_x86_64.whl", hash = "sha256:5d4b241a72759cbe26759db2a13deab059510d7609a781d125bba22dbbfaf2cf", size = 499921, upload-time = "2026-09-15T06:53:12.699Z" },
    { url = "https://files.pythonhosted.org/packages/d4/64/e5e97d95922f81834b189666c6cfe74c071c7929cfb20f59ab77352e8f88/protobuf_py_ext-0.5.0-cp312-cp312-musllinux_1_2_aarch64.whl", hash = "sha256:3b6add28bbdf0b724ccc10a9c8a80549ab0b2af50b808e533277506bdb3c04e6", size = 656768, upload-time = "2026-09-15T06:53:13.934Z" },
    { url = "https://files.pythonhosted.org/packages/22/38/0ababc6093654bac7430cf1f5be2159d5442f676e1853d3e8f417861a3f7/protobuf_py_ext-0.5.0-cp312-cp312-musllinux_1_2_x86_64.whl", hash = "sha256:7b8c155384c8949c0cccc4a3c14b53ee85b5dbf022c4bc0bd9486764c8250e03", size = 712993, upload-time = "2026-09-15T06:53:15.347Z" },
    { url = "https://files.pythonhosted.org/packages/9b/3d/2438ca1835d81a7073ae7af18629f00fbed3bd9cd02b7ad5803a709a8f2f/protobuf_py_ext-0.5.0-cp313-cp313-macosx_11_0_arm64.whl", hash = "sha256:5ebd954fa15f2636ba58577c9bb037865bcdaf66e68d8f0587ccfec814d451d2", size = 471346, upload-time = "2026-09-15T06:53:16.567Z" },
    { url = "https://files.pythonhosted.org/packages/ac/3f/088cb289aa8cf520827b4fb99092d3204f1a2918ae730d45029c08a8553d/protobuf_py_ext-0.5.0-cp313-cp313-manylinux_2_17_aarch64.manylinux2014_aarch64.whl", hash = "sha256:6cea81147867a9b29697240b586d7c945398a5629351e070ff740d9a5b9eb148", size = 479009, upload-time = "2026-09-15T06:53:17.865Z" },
    { url = "https://files.pythonhosted.org/packages/37/a3/e5e50258d7f7e006cc5cd4c428981ae0d69cacec59093eb2a865d97c2b16/protobuf_py_ext-0.5.0-cp313-cp313-manylinux_2_17_x86_64.manylinux2014_x86_64.whl", hash = "sha256:12015dd711f70e7c8ac091376781b1924aeaaed9e9bee39fdf9130cb45b137e9", size = 500623, upload-time = "2026-09-15T06:53:19.218Z" },
    { url = "https://files.pythonhosted.org/packages/12/72/974f9df89b5b2ea095374a590f4b85aeaf80f4fa5f504012b1cf93c63565/protobuf_py_ext-0.5.0-cp313-cp313-musllinux_1_2_aarch64.whl", hash = "sha256:e1fef6a711ebcb9a413fe10d342b278fa30ceb68b2bf7bfcf0a55523f091dfb4", size = 657155, upload-time = "2026-09-15T06:53:20.631Z" },
    { url = "https://files.pythonhosted.org/packages/02/27/c1709e454a22f589b35578d77fd68db707e1109f896ec2245af295612431/protobuf_py_ext-0.5.0-cp313-cp313-musllinux_1_2_x86_64.whl", hash = "sha256:e5f11aa121af8f6bede87d8717abbcc0c5ad9b68902863489de416481df31e72", size = 713679, upload-time = "2026-09-15T06:53:21.966Z" },
    { url = "https://files.pythonhosted.org/packages/de/8f/9759b7890488ea54b88d751ef4fe6dfac8c230e5f54b1230e1819c643928/protobuf_py_ext-0.5.0-cp314-cp314-macosx_11_0_arm64.whl", hash = "sha256:9684428ad5ea608f50144ef9ee6d918f4ce15a7222093b38eac4a17fb51efd1f", size = 469469, upload-time = "2026-09-15T06:53:23.185Z" },
    { url = "https://files.pythonhosted.org/packages/92/0f/6edef5e307e2e73653aa8c252d123076bc14d098d8a603e5cbcbbd9afba6/protobuf_py_ext-0.5.0-cp314-cp314-manylinux_2_17_aarch64.manylinux2014_aarch64.whl", hash = "sha256:ee68dce9041a1fbec9648ef06dba465a033e69cbc89a27be01b4f5c17285c03e", size = 477129, upload-time = "2026-09-15T06:53:24.455Z" },
    { url = "https://files.pythonhosted.org/packages/df/8f/2ac90881b7cea63d3ba86f98479c3025996d37480638d16b2f6a3d662e40/protobuf_py_ext-0.5.0-cp314-cp314-manylinux_2_17_x86_64.manylinux2014_x86_64.whl", hash = "sha256:6b90b12abf51a0ba4aeeed2743f3633760a6707788726baae70d53bfe41559f6", size = 499183, upload-time = "2026-09-15T06:53:25.688Z" },
    { url = "https://files.pythonhosted.org/packages/b9/f4/10769d23e8c664a92ab9e7274669e6542c0cdaa86e9a02f1281640bade4f/protobuf_py_ext-0.5.0-cp314-cp314-musllinux_1_2_aarch64.whl", hash = "sha256:75ee44f40633c07741320ad72f9c8736be5021ba24f96844337bba009b74a10d", size = 655283, upload-time = "2026-09-15T06:53:26.926Z" },
    { url = "https://files.pythonhosted.org/packages/38/40/10681c188198c00fd48799c40827e7fafd6deb19dc59d2b48791af9650d1/protobuf_py_ext-0.5.0-cp314-cp314-musllinux_1_2_x86_64.whl", hash = "sha256:f54a76acaf78255a97e9a33798d6efedec0d5fdaf38d393501be6b368e54d6e7", size = 712563, upload-time = "2026-09-15T06:53:28.322Z" },
    { url = "https://files.pythonhosted.org/packages/a8/25/c590e1994ceec4aa9bc0b71fa0c4063265f3168e87a9088ff01038c58c24/protobuf_py_ext-0.5.0-cp314-cp314t-macosx_11_0_arm64.whl", hash = "sha256:ae8a17933f066da2e1d105fe19cec425a63c0065349ad128045f6ad5eec5ee0a", size = 458067, upload-time = "2026-09-15T06:53:29.572Z" },
    { url = "https://files.pythonhosted.org/packages/fe/fd/a8dc89c1269055cd10f93135baf387227a4f915443a45ec1d7d7083d4bcc/protobuf_py_ext-0.5.0-cp314-cp314t-manylinux_2_17_aarch64.manylinux2014_aarch64.whl", hash = "sha256:60be9e43b00e4c5ba65dc290e24cd2e4a2473e553b96e81feb22be24c991dcf4", size = 466789, upload-time = "2026-09-15T06:53:30.908Z" },
    { url = "https://files.pythonhosted.org/packages/15/18/e90306c613c61ef3e7011ff6606c7b7fcf97ff0dc176b2c98b58e8545e19/protobuf_py_ext-0.5.0-cp314-cp314t-manylinux_2_17_x86_64.manylinux2014_x86_64.whl", hash = "sha256:3e82945cde40662610ebbc1e8960d4cfd22df900a3aabdc0f6ba9f80d23b6ae9", size = 489446, upload-time = "2026-09-15T06:53:32.343Z" },
    { url = "https://files.pythonhosted.org/packages/e2/9e/a5dbbf257dff0fe4f141080f8427f793018f44f78b81fdbb88aacee796b8/protobuf_py_ext-0.5.0-cp314-cp314t-musllinux_1_2_aarch64.whl", hash = "sha256:9c1bd5a6137b6f1295d8a3bcb9711cbf4e959743611325b8b1254a2d51e64d7a", size = 646164, upload-time = "2026-09-15T06:53:33.688Z" },
    { url = "https://files.pythonhosted.org/packages/40/65/6046d7641a26ffdb6bb9e0463d0596c341ec156e40c0571b396ad786d4a2/protobuf_py_ext-0.5.0-cp314-cp314t-musllinux_1_2_x86_64.whl", hash = "sha256:0fe8f84fae44c6bfd3ee977ab35893d77d30c169e6502f83769d2e0ee2ec7591", size = 703098, upload-time = "2026-09-15T06:53:35.337Z" },
]

[[package]]
name = "protoc-gen-py"
version = "0.5.0"
source = { registry = "https://pypi.org/simple" }
dependencies = [
    { name = "protobuf-py" },
]
sdist = { url = "https://files.pythonhosted.org/packages/65/12/ae2f4b8bd53c890100c185fa897f111120ce04425d8c75c066f650af76aa/protoc_gen_py-0.5.0.tar.gz", hash = "sha256:c2fd5873f9e0542d7fcb043276e7a7314b4fafb2c1329aaee42c188ab907466a", size = 10991, upload-time = "2026-09-15T06:53:39.734Z" }
wheels = [
    { url = "https://files.pythonhosted.org/packages/1b/79/2bf2236ce4b9e1e8783f35fa61c63009a5c5881fca56cb99f1acea074f1f/protoc_gen_py-0.5.0-py3-none-any.whl", hash = "sha256:5162b067ee1a09d4a6bea3171f740a93a7d1493b9afbc262f994c0e835347ea0", size = 12436, upload-time = "2026-09-15T06:53:36.785Z" },
]

[[package]]
name = "protovalidate"
version = "2.0.0"
source = { registry = "https://pypi.org/simple" }
dependencies = [
    { name = "protobuf-py" },
]
sdist = { url = "https://files.pythonhosted.org/packages/c6/73/f9ec1cbeb4caf28e695e966ba5b13397c598f523170d305ec05d03309b03/protovalidate-2.0.0.tar.gz", hash = "sha256:f2fce76be2afc91f1c2f57b0d1bba26a1681cf687ba387a3a4bea6a69e13a805", size = 18878241, upload-time = "2026-08-19T01:09:50.795Z" }
wheels = [
    { url = "https://files.pythonhosted.org/packages/d6/eb/3e599ef96878cf389927ad2d041c7c6d7cd76ea8d91a77819523c78d2afc/protovalidate-2.0.0-cp310-abi3-macosx_10_12_x86_64.whl", hash = "sha256:fd00fbe5297165f55aa208159e28eac27db5821bb255a65d53f659dcb4eba0cd", size = 2729581, upload-time = "2026-08-19T01:09:23.417Z" },
    { url = "https://files.pythonhosted.org/packages/1d/ee/88f2f3a1bb548809e7c4cb000e0beee86bf3702f47b85009c23c4ecbfd75/protovalidate-2.0.0-cp310-abi3-macosx_11_0_arm64.whl", hash = "sha256:156efdcc8a7db502f92180f5dff6dea200f8297aa2280abff2b6ca695a62a694", size = 2542469, upload-time = "2026-08-19T01:09:25.368Z" },
    { url = "https://files.pythonhosted.org/packages/64/23/5967208bb04833d566fe932f87e00bece53a30bfc5a54009a56dbf64932e/protovalidate-2.0.0-cp310-abi3-manylinux_2_17_aarch64.manylinux2014_aarch64.whl", hash = "sha256:6109644d4d7be9e49e77198deac274881a281e168a0d2edefa38063e4247280e", size = 3323752, upload-time = "2026-08-19T01:09:26.892Z" },
    { url = "https://files.pythonhosted.org/packages/66/b5/fe5c545bb2daee3d098360604e5c34e6419c9b1e6341890a86e89da4c055/protovalidate-2.0.0-cp310-abi3-manylinux_2_17_x86_64.manylinux2014_x86_64.whl", hash = "sha256:fe8c9e237b9f034269f134d4ee0a872689b38e1c8113668a351f9f12bcfcf62e", size = 3588717, upload-time = "2026-08-19T01:09:28.308Z" },
    { url = "https://files.pythonhosted.org/packages/8b/dd/677c2adb9a6ca5e7122a4558c469738c93eb88d720fd291b03a6a6bdb375/protovalidate-2.0.0-cp310-abi3-musllinux_1_2_aarch64.whl", hash = "sha256:be86a8253fd64a250d8e15598fcebdf3b1fd6384f6ef1f1d412b4b5cb7d47686", size = 9569483, upload-time = "2026-08-19T01:09:29.933Z" },
    { url = "https://files.pythonhosted.org/packages/d7/d6/7650ad5e8f23a6e0b8e4e36ea8e33c2d3ebf5a8746d49b7c3cee1d156e2a/protovalidate-2.0.0-cp310-abi3-musllinux_1_2_x86_64.whl", hash = "sha256:c88442347f2b01fc7a5d67280a99730135310400b039fe63a5ec1581c26ea8b8", size = 10139193, upload-time = "2026-08-19T01:09:32.01Z" },
    { url = "https://files.pythonhosted.org/packages/76/b0/35bde6aa90d2205ae3913e023751067acaf724a3a1e9325cc4d5abcd44ce/protovalidate-2.0.0-cp310-abi3-win_amd64.whl", hash = "sha256:4d4c48b64918f9da1b11cebc66cbe248a942dc42ccbfb27c32834faf9ef68348", size = 2733195, upload-time = "2026-08-19T01:09:33.872Z" },
    { url = "https://files.pythonhosted.org/packages/53/66/1b88effa91f586a4ca13614ca753d1d0ac89728970f6939e85f8adc47aa7/protovalidate-2.0.0-cp310-abi3-win_arm64.whl", hash = "sha256:7dbd2115b0be40139badff0da80fdc4b9d2b08944ccf072bbdefaceeaabac1de", size = 2604461, upload-time = "2026-08-19T01:09:35.44Z" },
    { url = "https://files.pythonhosted.org/packages/df/13/604ace01a46ee76615b6c00bffb2e52bd9f4239d8df1f35a80114fd72b34/protovalidate-2.0.0-cp314-cp314t-macosx_10_12_x86_64.whl", hash = "sha256:c543314a58605419c6ebcfed9559bfbf73ec34e0f8c1e42f25a93a5d32fac29d", size = 2728591, upload-time = "2026-08-19T01:09:36.846Z" },
    { url = "https://files.pythonhosted.org/packages/dc/24/1d69b31c89868f4047a0b9bc367077d55a89b9fe42831309d3f24291fb89/protovalidate-2.0.0-cp314-cp314t-macosx_11_0_arm64.whl", hash = "sha256:9d632d66535c29d86eaa6d7148b66d8e9ce76cf6475f1c820b39bc197e67d356", size = 2533581, upload-time = "2026-08-19T01:09:38.254Z" },
    { url = "https://files.pythonhosted.org/packages/c3/1e/8260ab04a9bcb50393dc9b34cf977f7b85d50daf7a6b78118f37ad428547/protovalidate-2.0.0-cp314-cp314t-manylinux_2_17_aarch64.manylinux2014_aarch64.whl", hash = "sha256:fb63d5c09687248ba583b917b368ce6e214890a1e86831dc80ed54e72967718b", size = 3319591, upload-time = "2026-08-19T01:09:39.855Z" },
    { url = "https://files.pythonhosted.org/packages/be/2d/3ffc43b6bdec33232041311b9aa58a7e67b097ca03b807ac099f46b9e750/protovalidate-2.0.0-cp314-cp314t-manylinux_2_17_x86_64.manylinux2014_x86_64.whl", hash = "sha256:8ce2601b2734cc0a5e8fce1d8c39dfcabec8033a271ddb140e9eb3488765dae2", size = 3583669, upload-time = "2026-08-19T01:09:41.4Z" },
    { url = "https://files.pythonhosted.org/packages/40/2b/233c0a97ff1941592e271bb38b95df5fc538a5e3bae48745f45ec040e404/protovalidate-2.0.0-cp314-cp314t-musllinux_1_2_aarch64.whl", hash = "sha256:c3e105e5304fe74295a4f52d0aace8382f7b1934dcbbb396fa21f475e7d1a5d3", size = 9565307, upload-time = "2026-08-19T01:09:42.956Z" },
    { url = "https://files.pythonhosted.org/packages/42/b2/02960bc493fc67b9d215c47437645a2581e220cafc817be535fff5f939c3/protovalidate-2.0.0-cp314-cp314t-musllinux_1_2_x86_64.whl", hash = "sha256:ffc55c8988f00bfd2a01cc951fb31a217ccd07e27b5b0d23d811be8754e562d7", size = 10134757, upload-time = "2026-08-19T01:09:45.315Z" },
    { url = "https://files.pythonhosted.org/packages/f3/33/a922f91110f8ef7eb58da6bf2c883c6592a31af641a17039f51e626ce02b/protovalidate-2.0.0-cp314-cp314t-win_amd64.whl", hash = "sha256:5ef05e596a5a7b333b33d45c02c81a95db6d6c291c520716c36031a691925647", size = 2726317, upload-time = "2026-08-19T01:09:47.329Z" },
    { url = "https://files.pythonhosted.org/packages/fe/d1/2bfed5e8228d1c90e651a879fad7136e06e82dee2ea0d9063b82f87c2104/protovalidate-2.0.0-cp314-cp314t-win_arm64.whl", hash = "sha256:1e797abc70fb89513d2556a85c89d066c8204f2f5b84944f0a485d5e0c87567b", size = 2597755, upload-time = "2026-08-19T01:09:48.909Z" },
]

[[package]]
name = "typing-extensions"
version = "4.16.0"
source = { registry = "https://pypi.org/simple" }
sdist = { url = "https://files.pythonhosted.org/packages/f6/cc/6253133b5bb138fc3306cebfbda2c520f545d36b5be2c7255cc528bb45d6/typing_extensions-4.16.0.tar.gz", hash = "sha256:dc983d19a509c94dba722ee6abd33940f7c05a89e243c47e907eb4db6f1a43e5", size = 113555, upload-time = "2026-07-02T08:40:05.92Z" }
wheels = [
    { url = "https://files.pythonhosted.org/packages/49/d3/b8441a820a491ddfc024b0b0cf0393375b75ea13866d9c66727e54c2fc80/typing_extensions-4.16.0-py3-none-any.whl", hash = "sha256:481caa481374e813c1b176ada14e97f1f67a4539ce9cfeb3f350d78d6370c2e8", size = 45571, upload-time = "2026-07-02T08:40:04.659Z" },
]
